
Microsoft Visual Studio Solution File, Format Version 12.00
# Visual Studio Version 17
VisualStudioVersion = 17.5.33424.131
MinimumVisualStudioVersion = 10.0.40219.1
Project("{FAE04EC0-301F-11D3-BF4B-00C04F79EFBC}") = "FileIO", "CSharpMaster\FileIO.csproj", "{4CAE25F1-FA50-4208-BD62-6F71FEA4F45E}"
EndProject
Project("{FAE04EC0-301F-11D3-BF4B-00C04F79EFBC}") = "AsyncAwait", "AsyncAwait\AsyncAwait.csproj", "{9F458F24-492A-4AB8-A546-154CE1459959}"
EndProject
Project("{FAE04EC0-301F-11D3-BF4B-00C04F79EFBC}") = "TokenCancel", "TokenCancel\TokenCancel.csproj", "{00246D8E-FA25-4E01-A087-69598ECA5D12}"
EndProject
Project("{FAE04EC0-301F-11D3-BF4B-00C04F79EFBC}") = "Thread Pool", "Thread Pool\Thread Pool.csproj", "{DCB148C8-8A24-444C-9671-0A6AF2F7E158}"
EndProject
Project("{FAE04EC0-301F-11D3-BF4B-00C04F79EFBC}") = "Task WhenAll WhenAny", "Task WhenAll WhenAny\Task WhenAll WhenAny.csproj", "{E698E569-3522-463B-838C-CEF4B2AEB0F5}"
EndProject
Project("{2150E333-8FDC-42A3-9474-1A3956D46DE8}") = "AwaitAsync", "AwaitAsync", "{187C2DEC-7710-468D-AD80-4171026FEE6B}"
EndProject
Project("{2150E333-8FDC-42A3-9474-1A3956D46DE8}") = "1_FILEIO", "1_FILEIO", "{A664A68E-9379-48BB-9E4F-04C21A3D7661}"
EndProject
Project("{FAE04EC0-301F-11D3-BF4B-00C04F79EFBC}") = "AwaitAsync", "AwaitAsync\AwaitAsync.csproj", "{A29E3A8D-3600-40A8-8A0C-F8C42EF888DD}"
EndProject
Project("{2150E333-8FDC-42A3-9474-1A3956D46DE8}") = "2_AsyncAwait", "2_AsyncAwait", "{28801D73-74DB-4BFE-84C4-DE3210EE3464}"
EndProject
Project("{FAE04EC0-301F-11D3-BF4B-00C04F79EFBC}") = "SyncAndAsync", "SyncAndAsync\SyncAndAsync.csproj", "{C65F7534-F243-4DA8-B883-8235D6B18EC8}"
EndProject
Project("{FAE04EC0-301F-11D3-BF4B-00C04F79EFBC}") = "EnumExceptionTest", "EnumExceptionTest\EnumExceptionTest.csproj", "{EBAC1368-78F5-4E85-9024-A216E5A8DE9A}"
EndProject
Project("{FAE04EC0-301F-11D3-BF4B-00C04F79EFBC}") = "Read_MainBoard_SerialNumber", "Read_MainBoard_SerialNumber\Read_MainBoard_SerialNumber.csproj", "{AD5BFD67-0AF6-4984-9235-B2707B2431F9}"
EndProject
Project("{2150E333-8FDC-42A3-9474-1A3956D46DE8}") = "Test", "Test", "{2DE9BC45-9DBC-4493-AFA3-93AF856DBA76}"
EndProject
Project("{FAE04EC0-301F-11D3-BF4B-00C04F79EFBC}") = "GetMacAddress", "GetMacAddress\GetMacAddress.csproj", "{8A9D4F20-A1EE-45AD-8BF2-FDF6A6FC3419}"
EndProject
Project("{2150E333-8FDC-42A3-9474-1A3956D46DE8}") = "DLLIMPORT", "DLLIMPORT", "{BA210762-4CA5-4DFA-BE40-A05C491A31C7}"
EndProject
Project("{FAE04EC0-301F-11D3-BF4B-00C04F79EFBC}") = "GetBoardSerialNumberFromCDLL", "GetBoardSerialNumberFromCDLL\GetBoardSerialNumberFromCDLL.csproj", "{266CF10F-11BB-4C59-BA60-4AE3AFD868BB}"
EndProject
Project("{FAE04EC0-301F-11D3-BF4B-00C04F79EFBC}") = "WindowsFormsApp1", "WindowsFormsApp1\WindowsFormsApp1.csproj", "{EA33F995-ED36-48C4-B43A-6C0AD8C024B4}"
EndProject
Project("{FAE04EC0-301F-11D3-BF4B-00C04F79EFBC}") = "READDLL", "READDLL\READDLL.csproj", "{99EAA633-3BAF-4579-92E6-E009C06EC7C8}"
EndProject
Project("{2150E333-8FDC-42A3-9474-1A3956D46DE8}") = "Encoding", "Encoding", "{2BD0CB54-32A8-4E0D-B481-0E60398E7362}"
EndProject
Project("{FAE04EC0-301F-11D3-BF4B-00C04F79EFBC}") = "Encoding", "Encoding\Encoding.csproj", "{8EB5B007-93B9-4A12-A91D-09077E7513A3}"
EndProject
Project("{2150E333-8FDC-42A3-9474-1A3956D46DE8}") = "AwaitAsyncReview", "AwaitAsyncReview", "{AFB465E6-E0EC-453E-ACD3-89E87174CBBC}"
EndProject
Project("{2150E333-8FDC-42A3-9474-1A3956D46DE8}") = "TypeCasting", "TypeCasting", "{E8B26878-4098-429E-B8D8-962A8A147D61}"
EndProject
Project("{FAE04EC0-301F-11D3-BF4B-00C04F79EFBC}") = "TypeCasting", "TypeCasting\TypeCasting.csproj", "{30A69044-1C4C-4558-8756-41C00ECDA08B}"
EndProject
Project("{2150E333-8FDC-42A3-9474-1A3956D46DE8}") = "iniTest", "iniTest", "{EBEDB8AC-5FEF-4A33-AE86-BF5D84F58BB0}"
EndProject
Project("{FAE04EC0-301F-11D3-BF4B-00C04F79EFBC}") = "IniTest", "IniTest\IniTest.csproj", "{C87D0FA8-2658-4A30-92F8-4E319A96AAA5}"
EndProject
Project("{FAE04EC0-301F-11D3-BF4B-00C04F79EFBC}") = "Project", "Project\Project.csproj", "{C5DE75DE-CDA1-445C-9576-4DB47E03FEDE}"
EndProject
Project("{2150E333-8FDC-42A3-9474-1A3956D46DE8}") = "3_AsyncAwait", "3_AsyncAwait", "{0DAD2A0B-4BA2-4AE5-9008-E33781AB7C1E}"
EndProject
Project("{FAE04EC0-301F-11D3-BF4B-00C04F79EFBC}") = "01_AsyncAwait", "01_AsyncAwait\01_AsyncAwait.csproj", "{338133BE-4EC0-419B-8E56-9EA3EE753B4B}"
EndProject
Project("{FAE04EC0-301F-11D3-BF4B-00C04F79EFBC}") = "02_CAncellationTokenSource", "02_CAncellationTokenSource\02_CAncellationTokenSource.csproj", "{A768446A-97A5-4782-AE2F-09EF61F9B73E}"
EndProject
Project("{2150E333-8FDC-42A3-9474-1A3956D46DE8}") = "Basic", "Basic", "{62B871EF-2508-4290-B455-293016B4D4E3}"
EndProject
Project("{FAE04EC0-301F-11D3-BF4B-00C04F79EFBC}") = "01_ClassVSStruct", "01_ClassVSStruct\01_ClassVSStruct.csproj", "{ABD20077-51F4-4DA2-858D-150E53030FAF}"
EndProject
Project("{FAE04EC0-301F-11D3-BF4B-00C04F79EFBC}") = "03_AccessModifier", "03_AccessModifier\03_AccessModifier.csproj", "{282CB4F0-EEF4-4DD8-9997-B7A15D76C1D3}"
EndProject
Project("{FAE04EC0-301F-11D3-BF4B-00C04F79EFBC}") = "04_CallBy", "04_\04_CallBy.csproj", "{48E3EAA4-E973-48E0-A0A0-6CEF56CE1FE9}"
EndProject
Project("{9A19103F-16F7-4668-BE54-9A1E7A4F7556}") = "05_Creator", "05_Creator\05_Creator.csproj", "{DF7E548D-947E-4B84-9137-1535E4AA2CE1}"
EndProject
Project("{9A19103F-16F7-4668-BE54-9A1E7A4F7556}") = "05_Static", "05_Static\05_Static.csproj", "{155109D5-1B8C-49EB-8290-9D6005C859D6}"
EndProject
Project("{9A19103F-16F7-4668-BE54-9A1E7A4F7556}") = "06_static_variable", "06_static access\06_static_variable.csproj", "{E3AB780B-F660-41CA-9EA0-89F333C2EB1B}"
EndProject
Project("{9A19103F-16F7-4668-BE54-9A1E7A4F7556}") = "06_static_function", "06_static_function\06_static_function.csproj", "{115C65A7-914B-405D-9C80-A5610A04DACE}"
EndProject
Project("{9A19103F-16F7-4668-BE54-9A1E7A4F7556}") = "06_static_creator", "06_static_creator\06_static_creator.csproj", "{6251AB44-4C56-4240-B982-D97921957A30}"
EndProject
Project("{9A19103F-16F7-4668-BE54-9A1E7A4F7556}") = "07_const_readonly", "07_const_readonly\07_const_readonly.csproj", "{1141F700-99D5-4465-8558-D85287F411B4}"
EndProject
Project("{9A19103F-16F7-4668-BE54-9A1E7A4F7556}") = "08_overloading", "08_overloading\08_overloading.csproj", "{0EBD0CD6-BF5C-4723-B0DC-B9164DB8DFAB}"
EndProject
Project("{2150E333-8FDC-42A3-9474-1A3956D46DE8}") = "ReadBytes", "ReadBytes", "{403AC97E-694F-4708-8738-37507FCDD841}"
EndProject
Project("{9A19103F-16F7-4668-BE54-9A1E7A4F7556}") = "ReadBytes", "ReadBytes\ReadBytes.csproj", "{D38B04DA-632E-422F-B4F0-5BA7EF6CAD6C}"
EndProject
Project("{9A19103F-16F7-4668-BE54-9A1E7A4F7556}") = "09_This", "09_This\09_This.csproj", "{98DEE884-BB1A-48CA-82AD-64C127A9DE61}"
EndProject
Project("{9A19103F-16F7-4668-BE54-9A1E7A4F7556}") = "11_Overriding", "11_Overriding\11_Overriding.csproj", "{A6CD9028-96E8-419F-BFDE-030DE2C82DCA}"
EndProject
Project("{9A19103F-16F7-4668-BE54-9A1E7A4F7556}") = "12_abstract", "12_abstract\12_abstract.csproj", "{E06E54E5-0F95-4D44-81F1-1A76E4B8A6E8}"
EndProject
Project("{9A19103F-16F7-4668-BE54-9A1E7A4F7556}") = "13_Upcasting", "13_Upcasting\13_Upcasting.csproj", "{F2805176-A75B-4B84-B9D2-3E6A1285608F}"
EndProject
Project("{9A19103F-16F7-4668-BE54-9A1E7A4F7556}") = "14_Polymorphism", "14_Polymorphism\14_Polymorphism.csproj", "{A11EF48A-213C-48A5-ACFC-3D4ACD1161C0}"
EndProject
Project("{FAE04EC0-301F-11D3-BF4B-00C04F79EFBC}") = "15_boxingAndUnboxing", "15_boxingAndUnboxing\15_boxingAndUnboxing.csproj", "{7B5DBDDA-4890-421B-A93C-3BAA6F20CBD5}"
EndProject
Project("{FAE04EC0-301F-11D3-BF4B-00C04F79EFBC}") = "16_array", "17_array\16_array.csproj", "{00916439-CAF9-4087-9A98-E738D21F2809}"
EndProject
Global
	GlobalSection(SolutionConfigurationPlatforms) = preSolution
		Debug|Any CPU = Debug|Any CPU
		Release|Any CPU = Release|Any CPU
	EndGlobalSection
	GlobalSection(ProjectConfigurationPlatforms) = postSolution
		{4CAE25F1-FA50-4208-BD62-6F71FEA4F45E}.Debug|Any CPU.ActiveCfg = Debug|Any CPU
		{4CAE25F1-FA50-4208-BD62-6F71FEA4F45E}.Debug|Any CPU.Build.0 = Debug|Any CPU
		{4CAE25F1-FA50-4208-BD62-6F71FEA4F45E}.Release|Any CPU.ActiveCfg = Release|Any CPU
		{4CAE25F1-FA50-4208-BD62-6F71FEA4F45E}.Release|Any CPU.Build.0 = Release|Any CPU
		{9F458F24-492A-4AB8-A546-154CE1459959}.Debug|Any CPU.ActiveCfg = Debug|Any CPU
		{9F458F24-492A-4AB8-A546-154CE1459959}.Debug|Any CPU.Build.0 = Debug|Any CPU
		{9F458F24-492A-4AB8-A546-154CE1459959}.Release|Any CPU.ActiveCfg = Release|Any CPU
		{9F458F24-492A-4AB8-A546-154CE1459959}.Release|Any CPU.Build.0 = Release|Any CPU
		{00246D8E-FA25-4E01-A087-69598ECA5D12}.Debug|Any CPU.ActiveCfg = Debug|Any CPU
		{00246D8E-FA25-4E01-A087-69598ECA5D12}.Debug|Any CPU.Build.0 = Debug|Any CPU
		{00246D8E-FA25-4E01-A087-69598ECA5D12}.Release|Any CPU.ActiveCfg = Release|Any CPU
		{00246D8E-FA25-4E01-A087-69598ECA5D12}.Release|Any CPU.Build.0 = Release|Any CPU
		{DCB148C8-8A24-444C-9671-0A6AF2F7E158}.Debug|Any CPU.ActiveCfg = Debug|Any CPU
		{DCB148C8-8A24-444C-9671-0A6AF2F7E158}.Debug|Any CPU.Build.0 = Debug|Any CPU
		{DCB148C8-8A24-444C-9671-0A6AF2F7E158}.Release|Any CPU.ActiveCfg = Release|Any CPU
		{DCB148C8-8A24-444C-9671-0A6AF2F7E158}.Release|Any CPU.Build.0 = Release|Any CPU
		{E698E569-3522-463B-838C-CEF4B2AEB0F5}.Debug|Any CPU.ActiveCfg = Debug|Any CPU
		{E698E569-3522-463B-838C-CEF4B2AEB0F5}.Debug|Any CPU.Build.0 = Debug|Any CPU
		{E698E569-3522-463B-838C-CEF4B2AEB0F5}.Release|Any CPU.ActiveCfg = Release|Any CPU
		{E698E569-3522-463B-838C-CEF4B2AEB0F5}.Release|Any CPU.Build.0 = Release|Any CPU
		{A29E3A8D-3600-40A8-8A0C-F8C42EF888DD}.Debug|Any CPU.ActiveCfg = Debug|Any CPU
		{A29E3A8D-3600-40A8-8A0C-F8C42EF888DD}.Debug|Any CPU.Build.0 = Debug|Any CPU
		{A29E3A8D-3600-40A8-8A0C-F8C42EF888DD}.Release|Any CPU.ActiveCfg = Release|Any CPU
		{A29E3A8D-3600-40A8-8A0C-F8C42EF888DD}.Release|Any CPU.Build.0 = Release|Any CPU
		{C65F7534-F243-4DA8-B883-8235D6B18EC8}.Debug|Any CPU.ActiveCfg = Debug|Any CPU
		{C65F7534-F243-4DA8-B883-8235D6B18EC8}.Debug|Any CPU.Build.0 = Debug|Any CPU
		{C65F7534-F243-4DA8-B883-8235D6B18EC8}.Release|Any CPU.ActiveCfg = Release|Any CPU
		{C65F7534-F243-4DA8-B883-8235D6B18EC8}.Release|Any CPU.Build.0 = Release|Any CPU
		{EBAC1368-78F5-4E85-9024-A216E5A8DE9A}.Debug|Any CPU.ActiveCfg = Debug|Any CPU
		{EBAC1368-78F5-4E85-9024-A216E5A8DE9A}.Debug|Any CPU.Build.0 = Debug|Any CPU
		{EBAC1368-78F5-4E85-9024-A216E5A8DE9A}.Release|Any CPU.ActiveCfg = Release|Any CPU
		{EBAC1368-78F5-4E85-9024-A216E5A8DE9A}.Release|Any CPU.Build.0 = Release|Any CPU
		{AD5BFD67-0AF6-4984-9235-B2707B2431F9}.Debug|Any CPU.ActiveCfg = Debug|Any CPU
		{AD5BFD67-0AF6-4984-9235-B2707B2431F9}.Debug|Any CPU.Build.0 = Debug|Any CPU
		{AD5BFD67-0AF6-4984-9235-B2707B2431F9}.Release|Any CPU.ActiveCfg = Release|Any CPU
		{AD5BFD67-0AF6-4984-9235-B2707B2431F9}.Release|Any CPU.Build.0 = Release|Any CPU
		{8A9D4F20-A1EE-45AD-8BF2-FDF6A6FC3419}.Debug|Any CPU.ActiveCfg = Debug|Any CPU
		{8A9D4F20-A1EE-45AD-8BF2-FDF6A6FC3419}.Debug|Any CPU.Build.0 = Debug|Any CPU
		{8A9D4F20-A1EE-45AD-8BF2-FDF6A6FC3419}.Release|Any CPU.ActiveCfg = Release|Any CPU
		{8A9D4F20-A1EE-45AD-8BF2-FDF6A6FC3419}.Release|Any CPU.Build.0 = Release|Any CPU
		{266CF10F-11BB-4C59-BA60-4AE3AFD868BB}.Debug|Any CPU.ActiveCfg = Debug|Any CPU
		{266CF10F-11BB-4C59-BA60-4AE3AFD868BB}.Debug|Any CPU.Build.0 = Debug|Any CPU
		{266CF10F-11BB-4C59-BA60-4AE3AFD868BB}.Release|Any CPU.ActiveCfg = Release|Any CPU
		{266CF10F-11BB-4C59-BA60-4AE3AFD868BB}.Release|Any CPU.Build.0 = Release|Any CPU
		{EA33F995-ED36-48C4-B43A-6C0AD8C024B4}.Debug|Any CPU.ActiveCfg = Debug|Any CPU
		{EA33F995-ED36-48C4-B43A-6C0AD8C024B4}.Debug|Any CPU.Build.0 = Debug|Any CPU
		{EA33F995-ED36-48C4-B43A-6C0AD8C024B4}.Release|Any CPU.ActiveCfg = Release|Any CPU
		{EA33F995-ED36-48C4-B43A-6C0AD8C024B4}.Release|Any CPU.Build.0 = Release|Any CPU
		{99EAA633-3BAF-4579-92E6-E009C06EC7C8}.Debug|Any CPU.ActiveCfg = Debug|Any CPU
		{99EAA633-3BAF-4579-92E6-E009C06EC7C8}.Debug|Any CPU.Build.0 = Debug|Any CPU
		{99EAA633-3BAF-4579-92E6-E009C06EC7C8}.Release|Any CPU.ActiveCfg = Release|Any CPU
		{99EAA633-3BAF-4579-92E6-E009C06EC7C8}.Release|Any CPU.Build.0 = Release|Any CPU
		{8EB5B007-93B9-4A12-A91D-09077E7513A3}.Debug|Any CPU.ActiveCfg = Debug|Any CPU
		{8EB5B007-93B9-4A12-A91D-09077E7513A3}.Debug|Any CPU.Build.0 = Debug|Any CPU
		{8EB5B007-93B9-4A12-A91D-09077E7513A3}.Release|Any CPU.ActiveCfg = Release|Any CPU
		{8EB5B007-93B9-4A12-A91D-09077E7513A3}.Release|Any CPU.Build.0 = Release|Any CPU
		{30A69044-1C4C-4558-8756-41C00ECDA08B}.Debug|Any CPU.ActiveCfg = Debug|Any CPU
		{30A69044-1C4C-4558-8756-41C00ECDA08B}.Debug|Any CPU.Build.0 = Debug|Any CPU
		{30A69044-1C4C-4558-8756-41C00ECDA08B}.Release|Any CPU.ActiveCfg = Release|Any CPU
		{30A69044-1C4C-4558-8756-41C00ECDA08B}.Release|Any CPU.Build.0 = Release|Any CPU
		{C87D0FA8-2658-4A30-92F8-4E319A96AAA5}.Debug|Any CPU.ActiveCfg = Debug|Any CPU
		{C87D0FA8-2658-4A30-92F8-4E319A96AAA5}.Debug|Any CPU.Build.0 = Debug|Any CPU
		{C87D0FA8-2658-4A30-92F8-4E319A96AAA5}.Release|Any CPU.ActiveCfg = Release|Any CPU
		{C87D0FA8-2658-4A30-92F8-4E319A96AAA5}.Release|Any CPU.Build.0 = Release|Any CPU
		{C5DE75DE-CDA1-445C-9576-4DB47E03FEDE}.Debug|Any CPU.ActiveCfg = Debug|Any CPU
		{C5DE75DE-CDA1-445C-9576-4DB47E03FEDE}.Debug|Any CPU.Build.0 = Debug|Any CPU
		{C5DE75DE-CDA1-445C-9576-4DB47E03FEDE}.Release|Any CPU.ActiveCfg = Release|Any CPU
		{C5DE75DE-CDA1-445C-9576-4DB47E03FEDE}.Release|Any CPU.Build.0 = Release|Any CPU
		{338133BE-4EC0-419B-8E56-9EA3EE753B4B}.Debug|Any CPU.ActiveCfg = Debug|Any CPU
		{338133BE-4EC0-419B-8E56-9EA3EE753B4B}.Debug|Any CPU.Build.0 = Debug|Any CPU
		{338133BE-4EC0-419B-8E56-9EA3EE753B4B}.Release|Any CPU.ActiveCfg = Release|Any CPU
		{338133BE-4EC0-419B-8E56-9EA3EE753B4B}.Release|Any CPU.Build.0 = Release|Any CPU
		{A768446A-97A5-4782-AE2F-09EF61F9B73E}.Debug|Any CPU.ActiveCfg = Debug|Any CPU
		{A768446A-97A5-4782-AE2F-09EF61F9B73E}.Debug|Any CPU.Build.0 = Debug|Any CPU
		{A768446A-97A5-4782-AE2F-09EF61F9B73E}.Release|Any CPU.ActiveCfg = Release|Any CPU
		{A768446A-97A5-4782-AE2F-09EF61F9B73E}.Release|Any CPU.Build.0 = Release|Any CPU
		{ABD20077-51F4-4DA2-858D-150E53030FAF}.Debug|Any CPU.ActiveCfg = Debug|Any CPU
		{ABD20077-51F4-4DA2-858D-150E53030FAF}.Debug|Any CPU.Build.0 = Debug|Any CPU
		{ABD20077-51F4-4DA2-858D-150E53030FAF}.Release|Any CPU.ActiveCfg = Release|Any CPU
		{ABD20077-51F4-4DA2-858D-150E53030FAF}.Release|Any CPU.Build.0 = Release|Any CPU
		{282CB4F0-EEF4-4DD8-9997-B7A15D76C1D3}.Debug|Any CPU.ActiveCfg = Debug|Any CPU
		{282CB4F0-EEF4-4DD8-9997-B7A15D76C1D3}.Debug|Any CPU.Build.0 = Debug|Any CPU
		{282CB4F0-EEF4-4DD8-9997-B7A15D76C1D3}.Release|Any CPU.ActiveCfg = Release|Any CPU
		{282CB4F0-EEF4-4DD8-9997-B7A15D76C1D3}.Release|Any CPU.Build.0 = Release|Any CPU
		{48E3EAA4-E973-48E0-A0A0-6CEF56CE1FE9}.Debug|Any CPU.ActiveCfg = Debug|Any CPU
		{48E3EAA4-E973-48E0-A0A0-6CEF56CE1FE9}.Debug|Any CPU.Build.0 = Debug|Any CPU
		{48E3EAA4-E973-48E0-A0A0-6CEF56CE1FE9}.Release|Any CPU.ActiveCfg = Release|Any CPU
		{48E3EAA4-E973-48E0-A0A0-6CEF56CE1FE9}.Release|Any CPU.Build.0 = Release|Any CPU
		{DF7E548D-947E-4B84-9137-1535E4AA2CE1}.Debug|Any CPU.ActiveCfg = Debug|Any CPU
		{DF7E548D-947E-4B84-9137-1535E4AA2CE1}.Debug|Any CPU.Build.0 = Debug|Any CPU
		{DF7E548D-947E-4B84-9137-1535E4AA2CE1}.Release|Any CPU.ActiveCfg = Release|Any CPU
		{DF7E548D-947E-4B84-9137-1535E4AA2CE1}.Release|Any CPU.Build.0 = Release|Any CPU
		{155109D5-1B8C-49EB-8290-9D6005C859D6}.Debug|Any CPU.ActiveCfg = Debug|Any CPU
		{155109D5-1B8C-49EB-8290-9D6005C859D6}.Debug|Any CPU.Build.0 = Debug|Any CPU
		{155109D5-1B8C-49EB-8290-9D6005C859D6}.Release|Any CPU.ActiveCfg = Release|Any CPU
		{155109D5-1B8C-49EB-8290-9D6005C859D6}.Release|Any CPU.Build.0 = Release|Any CPU
		{E3AB780B-F660-41CA-9EA0-89F333C2EB1B}.Debug|Any CPU.ActiveCfg = Debug|Any CPU
		{E3AB780B-F660-41CA-9EA0-89F333C2EB1B}.Debug|Any CPU.Build.0 = Debug|Any CPU
		{E3AB780B-F660-41CA-9EA0-89F333C2EB1B}.Release|Any CPU.ActiveCfg = Release|Any CPU
		{E3AB780B-F660-41CA-9EA0-89F333C2EB1B}.Release|Any CPU.Build.0 = Release|Any CPU
		{115C65A7-914B-405D-9C80-A5610A04DACE}.Debug|Any CPU.ActiveCfg = Debug|Any CPU
		{115C65A7-914B-405D-9C80-A5610A04DACE}.Debug|Any CPU.Build.0 = Debug|Any CPU
		{115C65A7-914B-405D-9C80-A5610A04DACE}.Release|Any CPU.ActiveCfg = Release|Any CPU
		{115C65A7-914B-405D-9C80-A5610A04DACE}.Release|Any CPU.Build.0 = Release|Any CPU
		{6251AB44-4C56-4240-B982-D97921957A30}.Debug|Any CPU.ActiveCfg = Debug|Any CPU
		{6251AB44-4C56-4240-B982-D97921957A30}.Debug|Any CPU.Build.0 = Debug|Any CPU
		{6251AB44-4C56-4240-B982-D97921957A30}.Release|Any CPU.ActiveCfg = Release|Any CPU
		{6251AB44-4C56-4240-B982-D97921957A30}.Release|Any CPU.Build.0 = Release|Any CPU
		{1141F700-99D5-4465-8558-D85287F411B4}.Debug|Any CPU.ActiveCfg = Debug|Any CPU
		{1141F700-99D5-4465-8558-D85287F411B4}.Debug|Any CPU.Build.0 = Debug|Any CPU
		{1141F700-99D5-4465-8558-D85287F411B4}.Release|Any CPU.ActiveCfg = Release|Any CPU
		{1141F700-99D5-4465-8558-D85287F411B4}.Release|Any CPU.Build.0 = Release|Any CPU
		{0EBD0CD6-BF5C-4723-B0DC-B9164DB8DFAB}.Debug|Any CPU.ActiveCfg = Debug|Any CPU
		{0EBD0CD6-BF5C-4723-B0DC-B9164DB8DFAB}.Debug|Any CPU.Build.0 = Debug|Any CPU
		{0EBD0CD6-BF5C-4723-B0DC-B9164DB8DFAB}.Release|Any CPU.ActiveCfg = Release|Any CPU
		{0EBD0CD6-BF5C-4723-B0DC-B9164DB8DFAB}.Release|Any CPU.Build.0 = Release|Any CPU
		{D38B04DA-632E-422F-B4F0-5BA7EF6CAD6C}.Debug|Any CPU.ActiveCfg = Debug|Any CPU
		{D38B04DA-632E-422F-B4F0-5BA7EF6CAD6C}.Debug|Any CPU.Build.0 = Debug|Any CPU
		{D38B04DA-632E-422F-B4F0-5BA7EF6CAD6C}.Release|Any CPU.ActiveCfg = Release|Any CPU
		{D38B04DA-632E-422F-B4F0-5BA7EF6CAD6C}.Release|Any CPU.Build.0 = Release|Any CPU
		{98DEE884-BB1A-48CA-82AD-64C127A9DE61}.Debug|Any CPU.ActiveCfg = Debug|Any CPU
		{98DEE884-BB1A-48CA-82AD-64C127A9DE61}.Debug|Any CPU.Build.0 = Debug|Any CPU
		{98DEE884-BB1A-48CA-82AD-64C127A9DE61}.Release|Any CPU.ActiveCfg = Release|Any CPU
		{98DEE884-BB1A-48CA-82AD-64C127A9DE61}.Release|Any CPU.Build.0 = Release|Any CPU
		{A6CD9028-96E8-419F-BFDE-030DE2C82DCA}.Debug|Any CPU.ActiveCfg = Debug|Any CPU
		{A6CD9028-96E8-419F-BFDE-030DE2C82DCA}.Debug|Any CPU.Build.0 = Debug|Any CPU
		{A6CD9028-96E8-419F-BFDE-030DE2C82DCA}.Release|Any CPU.ActiveCfg = Release|Any CPU
		{A6CD9028-96E8-419F-BFDE-030DE2C82DCA}.Release|Any CPU.Build.0 = Release|Any CPU
		{E06E54E5-0F95-4D44-81F1-1A76E4B8A6E8}.Debug|Any CPU.ActiveCfg = Debug|Any CPU
		{E06E54E5-0F95-4D44-81F1-1A76E4B8A6E8}.Debug|Any CPU.Build.0 = Debug|Any CPU
		{E06E54E5-0F95-4D44-81F1-1A76E4B8A6E8}.Release|Any CPU.ActiveCfg = Release|Any CPU
		{E06E54E5-0F95-4D44-81F1-1A76E4B8A6E8}.Release|Any CPU.Build.0 = Release|Any CPU
		{F2805176-A75B-4B84-B9D2-3E6A1285608F}.Debug|Any CPU.ActiveCfg = Debug|Any CPU
		{F2805176-A75B-4B84-B9D2-3E6A1285608F}.Debug|Any CPU.Build.0 = Debug|Any CPU
		{F2805176-A75B-4B84-B9D2-3E6A1285608F}.Release|Any CPU.ActiveCfg = Release|Any CPU
		{F2805176-A75B-4B84-B9D2-3E6A1285608F}.Release|Any CPU.Build.0 = Release|Any CPU
		{A11EF48A-213C-48A5-ACFC-3D4ACD1161C0}.Debug|Any CPU.ActiveCfg = Debug|Any CPU
		{A11EF48A-213C-48A5-ACFC-3D4ACD1161C0}.Debug|Any CPU.Build.0 = Debug|Any CPU
		{A11EF48A-213C-48A5-ACFC-3D4ACD1161C0}.Release|Any CPU.ActiveCfg = Release|Any CPU
		{A11EF48A-213C-48A5-ACFC-3D4ACD1161C0}.Release|Any CPU.Build.0 = Release|Any CPU
		{7B5DBDDA-4890-421B-A93C-3BAA6F20CBD5}.Debug|Any CPU.ActiveCfg = Debug|Any CPU
		{7B5DBDDA-4890-421B-A93C-3BAA6F20CBD5}.Debug|Any CPU.Build.0 = Debug|Any CPU
		{7B5DBDDA-4890-421B-A93C-3BAA6F20CBD5}.Release|Any CPU.ActiveCfg = Release|Any CPU
		{7B5DBDDA-4890-421B-A93C-3BAA6F20CBD5}.Release|Any CPU.Build.0 = Release|Any CPU
		{00916439-CAF9-4087-9A98-E738D21F2809}.Debug|Any CPU.ActiveCfg = Debug|Any CPU
		{00916439-CAF9-4087-9A98-E738D21F2809}.Debug|Any CPU.Build.0 = Debug|Any CPU
		{00916439-CAF9-4087-9A98-E738D21F2809}.Release|Any CPU.ActiveCfg = Release|Any CPU
		{00916439-CAF9-4087-9A98-E738D21F2809}.Release|Any CPU.Build.0 = Release|Any CPU
	EndGlobalSection
	GlobalSection(SolutionProperties) = preSolution
		HideSolutionNode = FALSE
	EndGlobalSection
	GlobalSection(NestedProjects) = preSolution
		{4CAE25F1-FA50-4208-BD62-6F71FEA4F45E} = {A664A68E-9379-48BB-9E4F-04C21A3D7661}
		{A29E3A8D-3600-40A8-8A0C-F8C42EF888DD} = {187C2DEC-7710-468D-AD80-4171026FEE6B}
		{C65F7534-F243-4DA8-B883-8235D6B18EC8} = {28801D73-74DB-4BFE-84C4-DE3210EE3464}
		{8A9D4F20-A1EE-45AD-8BF2-FDF6A6FC3419} = {2DE9BC45-9DBC-4493-AFA3-93AF856DBA76}
		{266CF10F-11BB-4C59-BA60-4AE3AFD868BB} = {BA210762-4CA5-4DFA-BE40-A05C491A31C7}
		{EA33F995-ED36-48C4-B43A-6C0AD8C024B4} = {BA210762-4CA5-4DFA-BE40-A05C491A31C7}
		{99EAA633-3BAF-4579-92E6-E009C06EC7C8} = {BA210762-4CA5-4DFA-BE40-A05C491A31C7}
		{8EB5B007-93B9-4A12-A91D-09077E7513A3} = {2BD0CB54-32A8-4E0D-B481-0E60398E7362}
		{30A69044-1C4C-4558-8756-41C00ECDA08B} = {E8B26878-4098-429E-B8D8-962A8A147D61}
		{C87D0FA8-2658-4A30-92F8-4E319A96AAA5} = {EBEDB8AC-5FEF-4A33-AE86-BF5D84F58BB0}
		{C5DE75DE-CDA1-445C-9576-4DB47E03FEDE} = {EBEDB8AC-5FEF-4A33-AE86-BF5D84F58BB0}
		{338133BE-4EC0-419B-8E56-9EA3EE753B4B} = {0DAD2A0B-4BA2-4AE5-9008-E33781AB7C1E}
		{A768446A-97A5-4782-AE2F-09EF61F9B73E} = {0DAD2A0B-4BA2-4AE5-9008-E33781AB7C1E}
		{ABD20077-51F4-4DA2-858D-150E53030FAF} = {62B871EF-2508-4290-B455-293016B4D4E3}
		{282CB4F0-EEF4-4DD8-9997-B7A15D76C1D3} = {62B871EF-2508-4290-B455-293016B4D4E3}
		{48E3EAA4-E973-48E0-A0A0-6CEF56CE1FE9} = {62B871EF-2508-4290-B455-293016B4D4E3}
		{DF7E548D-947E-4B84-9137-1535E4AA2CE1} = {62B871EF-2508-4290-B455-293016B4D4E3}
		{155109D5-1B8C-49EB-8290-9D6005C859D6} = {62B871EF-2508-4290-B455-293016B4D4E3}
		{E3AB780B-F660-41CA-9EA0-89F333C2EB1B} = {62B871EF-2508-4290-B455-293016B4D4E3}
		{115C65A7-914B-405D-9C80-A5610A04DACE} = {62B871EF-2508-4290-B455-293016B4D4E3}
		{6251AB44-4C56-4240-B982-D97921957A30} = {62B871EF-2508-4290-B455-293016B4D4E3}
		{1141F700-99D5-4465-8558-D85287F411B4} = {62B871EF-2508-4290-B455-293016B4D4E3}
		{0EBD0CD6-BF5C-4723-B0DC-B9164DB8DFAB} = {62B871EF-2508-4290-B455-293016B4D4E3}
		{D38B04DA-632E-422F-B4F0-5BA7EF6CAD6C} = {403AC97E-694F-4708-8738-37507FCDD841}
		{98DEE884-BB1A-48CA-82AD-64C127A9DE61} = {62B871EF-2508-4290-B455-293016B4D4E3}
		{A6CD9028-96E8-419F-BFDE-030DE2C82DCA} = {62B871EF-2508-4290-B455-293016B4D4E3}
		{E06E54E5-0F95-4D44-81F1-1A76E4B8A6E8} = {62B871EF-2508-4290-B455-293016B4D4E3}
		{F2805176-A75B-4B84-B9D2-3E6A1285608F} = {62B871EF-2508-4290-B455-293016B4D4E3}
		{A11EF48A-213C-48A5-ACFC-3D4ACD1161C0} = {62B871EF-2508-4290-B455-293016B4D4E3}
		{7B5DBDDA-4890-421B-A93C-3BAA6F20CBD5} = {62B871EF-2508-4290-B455-293016B4D4E3}
		{00916439-CAF9-4087-9A98-E738D21F2809} = {62B871EF-2508-4290-B455-293016B4D4E3}
	EndGlobalSection
	GlobalSection(ExtensibilityGlobals) = postSolution
		SolutionGuid = {D487B330-096C-4F28-A204-E29DFA51C829}
	EndGlobalSection
EndGlobal
