
Microsoft Visual Studio Solution File, Format Version 12.00
# Visual Studio Version 17
VisualStudioVersion = 17.5.33424.131
MinimumVisualStudioVersion = 10.0.40219.1
Project("{FAE04EC0-301F-11D3-BF4B-00C04F79EFBC}") = "FileIO", "CSharpMaster\FileIO.csproj", "{4CAE25F1-FA50-4208-BD62-6F71FEA4F45E}"
EndProject
Project("{FAE04EC0-301F-11D3-BF4B-00C04F79EFBC}") = "AsyncAwait", "AsyncAwait\AsyncAwait.csproj", "{9F458F24-492A-4AB8-A546-154CE1459959}"
EndProject
Project("{FAE04EC0-301F-11D3-BF4B-00C04F79EFBC}") = "TokenCancel", "TokenCancel\TokenCancel.csproj", "{00246D8E-FA25-4E01-A087-69598ECA5D12}"
EndProject
Project("{FAE04EC0-301F-11D3-BF4B-00C04F79EFBC}") = "Thread Pool", "Thread Pool\Thread Pool.csproj", "{DCB148C8-8A24-444C-9671-0A6AF2F7E158}"
EndProject
Project("{FAE04EC0-301F-11D3-BF4B-00C04F79EFBC}") = "Task WhenAll WhenAny", "Task WhenAll WhenAny\Task WhenAll WhenAny.csproj", "{E698E569-3522-463B-838C-CEF4B2AEB0F5}"
EndProject
Project("{2150E333-8FDC-42A3-9474-1A3956D46DE8}") = "AwaitAsync", "AwaitAsync", "{187C2DEC-7710-468D-AD80-4171026FEE6B}"
EndProject
Project("{2150E333-8FDC-42A3-9474-1A3956D46DE8}") = "1_FILEIO", "1_FILEIO", "{A664A68E-9379-48BB-9E4F-04C21A3D7661}"
EndProject
Project("{FAE04EC0-301F-11D3-BF4B-00C04F79EFBC}") = "AwaitAsync", "AwaitAsync\AwaitAsync.csproj", "{A29E3A8D-3600-40A8-8A0C-F8C42EF888DD}"
EndProject
Project("{2150E333-8FDC-42A3-9474-1A3956D46DE8}") = "2_AsyncAwait", "2_AsyncAwait", "{28801D73-74DB-4BFE-84C4-DE3210EE3464}"
EndProject
Project("{FAE04EC0-301F-11D3-BF4B-00C04F79EFBC}") = "SyncAndAsync", "SyncAndAsync\SyncAndAsync.csproj", "{C65F7534-F243-4DA8-B883-8235D6B18EC8}"
EndProject
Project("{FAE04EC0-301F-11D3-BF4B-00C04F79EFBC}") = "EnumExceptionTest", "EnumExceptionTest\EnumExceptionTest.csproj", "{EBAC1368-78F5-4E85-9024-A216E5A8DE9A}"
EndProject
Global
	GlobalSection(SolutionConfigurationPlatforms) = preSolution
		Debug|Any CPU = Debug|Any CPU
		Release|Any CPU = Release|Any CPU
	EndGlobalSection
	GlobalSection(ProjectConfigurationPlatforms) = postSolution
		{4CAE25F1-FA50-4208-BD62-6F71FEA4F45E}.Debug|Any CPU.ActiveCfg = Debug|Any CPU
		{4CAE25F1-FA50-4208-BD62-6F71FEA4F45E}.Debug|Any CPU.Build.0 = Debug|Any CPU
		{4CAE25F1-FA50-4208-BD62-6F71FEA4F45E}.Release|Any CPU.ActiveCfg = Release|Any CPU
		{4CAE25F1-FA50-4208-BD62-6F71FEA4F45E}.Release|Any CPU.Build.0 = Release|Any CPU
		{9F458F24-492A-4AB8-A546-154CE1459959}.Debug|Any CPU.ActiveCfg = Debug|Any CPU
		{9F458F24-492A-4AB8-A546-154CE1459959}.Debug|Any CPU.Build.0 = Debug|Any CPU
		{9F458F24-492A-4AB8-A546-154CE1459959}.Release|Any CPU.ActiveCfg = Release|Any CPU
		{9F458F24-492A-4AB8-A546-154CE1459959}.Release|Any CPU.Build.0 = Release|Any CPU
		{00246D8E-FA25-4E01-A087-69598ECA5D12}.Debug|Any CPU.ActiveCfg = Debug|Any CPU
		{00246D8E-FA25-4E01-A087-69598ECA5D12}.Debug|Any CPU.Build.0 = Debug|Any CPU
		{00246D8E-FA25-4E01-A087-69598ECA5D12}.Release|Any CPU.ActiveCfg = Release|Any CPU
		{00246D8E-FA25-4E01-A087-69598ECA5D12}.Release|Any CPU.Build.0 = Release|Any CPU
		{DCB148C8-8A24-444C-9671-0A6AF2F7E158}.Debug|Any CPU.ActiveCfg = Debug|Any CPU
		{DCB148C8-8A24-444C-9671-0A6AF2F7E158}.Debug|Any CPU.Build.0 = Debug|Any CPU
		{DCB148C8-8A24-444C-9671-0A6AF2F7E158}.Release|Any CPU.ActiveCfg = Release|Any CPU
		{DCB148C8-8A24-444C-9671-0A6AF2F7E158}.Release|Any CPU.Build.0 = Release|Any CPU
		{E698E569-3522-463B-838C-CEF4B2AEB0F5}.Debug|Any CPU.ActiveCfg = Debug|Any CPU
		{E698E569-3522-463B-838C-CEF4B2AEB0F5}.Debug|Any CPU.Build.0 = Debug|Any CPU
		{E698E569-3522-463B-838C-CEF4B2AEB0F5}.Release|Any CPU.ActiveCfg = Release|Any CPU
		{E698E569-3522-463B-838C-CEF4B2AEB0F5}.Release|Any CPU.Build.0 = Release|Any CPU
		{A29E3A8D-3600-40A8-8A0C-F8C42EF888DD}.Debug|Any CPU.ActiveCfg = Debug|Any CPU
		{A29E3A8D-3600-40A8-8A0C-F8C42EF888DD}.Debug|Any CPU.Build.0 = Debug|Any CPU
		{A29E3A8D-3600-40A8-8A0C-F8C42EF888DD}.Release|Any CPU.ActiveCfg = Release|Any CPU
		{A29E3A8D-3600-40A8-8A0C-F8C42EF888DD}.Release|Any CPU.Build.0 = Release|Any CPU
		{C65F7534-F243-4DA8-B883-8235D6B18EC8}.Debug|Any CPU.ActiveCfg = Debug|Any CPU
		{C65F7534-F243-4DA8-B883-8235D6B18EC8}.Debug|Any CPU.Build.0 = Debug|Any CPU
		{C65F7534-F243-4DA8-B883-8235D6B18EC8}.Release|Any CPU.ActiveCfg = Release|Any CPU
		{C65F7534-F243-4DA8-B883-8235D6B18EC8}.Release|Any CPU.Build.0 = Release|Any CPU
		{EBAC1368-78F5-4E85-9024-A216E5A8DE9A}.Debug|Any CPU.ActiveCfg = Debug|Any CPU
		{EBAC1368-78F5-4E85-9024-A216E5A8DE9A}.Debug|Any CPU.Build.0 = Debug|Any CPU
		{EBAC1368-78F5-4E85-9024-A216E5A8DE9A}.Release|Any CPU.ActiveCfg = Release|Any CPU
		{EBAC1368-78F5-4E85-9024-A216E5A8DE9A}.Release|Any CPU.Build.0 = Release|Any CPU
	EndGlobalSection
	GlobalSection(SolutionProperties) = preSolution
		HideSolutionNode = FALSE
	EndGlobalSection
	GlobalSection(NestedProjects) = preSolution
		{4CAE25F1-FA50-4208-BD62-6F71FEA4F45E} = {A664A68E-9379-48BB-9E4F-04C21A3D7661}
		{A29E3A8D-3600-40A8-8A0C-F8C42EF888DD} = {187C2DEC-7710-468D-AD80-4171026FEE6B}
		{C65F7534-F243-4DA8-B883-8235D6B18EC8} = {28801D73-74DB-4BFE-84C4-DE3210EE3464}
	EndGlobalSection
	GlobalSection(ExtensibilityGlobals) = postSolution
		SolutionGuid = {D487B330-096C-4F28-A204-E29DFA51C829}
	EndGlobalSection
EndGlobal
